
Microsoft Visual Studio Solution File, Format Version 12.00
# Visual Studio Version 16
VisualStudioVersion = 16.0.32002.261
MinimumVisualStudioVersion = 10.0.40219.1
Project("{FAE04EC0-301F-11D3-BF4B-00C04F79EFBC}") = "Hesap Defteri", "Hesap Defteri.csproj", "{2CF751A0-50CE-482F-9998-9C87A03A8101}"
EndProject
Global
	GlobalSection(SolutionConfigurationPlatforms) = preSolution
		Debug|Any CPU = Debug|Any CPU
		Release|Any CPU = Release|Any CPU
	EndGlobalSection
	GlobalSection(ProjectConfigurationPlatforms) = postSolution
		{2CF751A0-50CE-482F-9998-9C87A03A8101}.Debug|Any CPU.ActiveCfg = Debug|Any CPU
		{2CF751A0-50CE-482F-9998-9C87A03A8101}.Debug|Any CPU.Build.0 = Debug|Any CPU
		{2CF751A0-50CE-482F-9998-9C87A03A8101}.Release|Any CPU.ActiveCfg = Release|Any CPU
		{2CF751A0-50CE-482F-9998-9C87A03A8101}.Release|Any CPU.Build.0 = Release|Any CPU
	EndGlobalSection
	GlobalSection(SolutionProperties) = preSolution
		HideSolutionNode = FALSE
	EndGlobalSection
	GlobalSection(ExtensibilityGlobals) = postSolution
		SolutionGuid = {720DFC14-8B17-49E1-A251-F1DF522B3153}
	EndGlobalSection
EndGlobal
