
Microsoft Visual Studio Solution File, Format Version 12.00
# Visual Studio Version 16
VisualStudioVersion = 16.0.32002.261
MinimumVisualStudioVersion = 10.0.40219.1
Project("{FAE04EC0-301F-11D3-BF4B-00C04F79EFBC}") = "Otomatik Mail Gönderme", "Otomatik Mail Gönderme.csproj", "{61F5ED80-5AB4-4709-BC25-E851EA699839}"
EndProject
Global
	GlobalSection(SolutionConfigurationPlatforms) = preSolution
		Debug|Any CPU = Debug|Any CPU
		Release|Any CPU = Release|Any CPU
	EndGlobalSection
	GlobalSection(ProjectConfigurationPlatforms) = postSolution
		{61F5ED80-5AB4-4709-BC25-E851EA699839}.Debug|Any CPU.ActiveCfg = Debug|Any CPU
		{61F5ED80-5AB4-4709-BC25-E851EA699839}.Debug|Any CPU.Build.0 = Debug|Any CPU
		{61F5ED80-5AB4-4709-BC25-E851EA699839}.Release|Any CPU.ActiveCfg = Release|Any CPU
		{61F5ED80-5AB4-4709-BC25-E851EA699839}.Release|Any CPU.Build.0 = Release|Any CPU
	EndGlobalSection
	GlobalSection(SolutionProperties) = preSolution
		HideSolutionNode = FALSE
	EndGlobalSection
	GlobalSection(ExtensibilityGlobals) = postSolution
		SolutionGuid = {2A195BFD-91F5-4FBB-B044-A14A66109912}
	EndGlobalSection
EndGlobal
